
Microsoft Visual Studio Solution File, Format Version 12.00
# Visual Studio Version 17
VisualStudioVersion = 17.11.35327.3
MinimumVisualStudioVersion = 10.0.40219.1
Project("{FAE04EC0-301F-11D3-BF4B-00C04F79EFBC}") = "EmployeeManagement", "EmployeeManagement\EmployeeManagement.csproj", "{0A029C4D-D1C9-41BA-8010-8F18FAEE77C9}"
EndProject
Global
	GlobalSection(SolutionConfigurationPlatforms) = preSolution
		Debug|Any CPU = Debug|Any CPU
		Release|Any CPU = Release|Any CPU
	EndGlobalSection
	GlobalSection(ProjectConfigurationPlatforms) = postSolution
		{0A029C4D-D1C9-41BA-8010-8F18FAEE77C9}.Debug|Any CPU.ActiveCfg = Debug|Any CPU
		{0A029C4D-D1C9-41BA-8010-8F18FAEE77C9}.Debug|Any CPU.Build.0 = Debug|Any CPU
		{0A029C4D-D1C9-41BA-8010-8F18FAEE77C9}.Release|Any CPU.ActiveCfg = Release|Any CPU
		{0A029C4D-D1C9-41BA-8010-8F18FAEE77C9}.Release|Any CPU.Build.0 = Release|Any CPU
	EndGlobalSection
	GlobalSection(SolutionProperties) = preSolution
		HideSolutionNode = FALSE
	EndGlobalSection
	GlobalSection(ExtensibilityGlobals) = postSolution
		SolutionGuid = {0029C675-0D33-4FFD-9441-A45DD61DAE58}
	EndGlobalSection
EndGlobal
